// !$*UTF8*$!
{
	archiveVersion = 1;
	classes = {
	};
	objectVersion = 46;
	objects = {

/* Begin PBXBuildFile section */
		F7446AAD19D0916F00A8ED2D /* RedLighthouse.jpg in Resources */ = {isa = PBXBuildFile; fileRef = F7446AAC19D0916F00A8ED2D /* RedLighthouse.jpg */; };
		F7C0B0D519D1DAC5009A34C4 /* QuackyDuck.jpg in Resources */ = {isa = PBXBuildFile; fileRef = F7C0B0D419D1DAC5009A34C4 /* QuackyDuck.jpg */; };
		F7DAD0D519D08A5F00E00158 /* AppDelegate.swift in Sources */ = {isa = PBXBuildFile; fileRef = F7DAD0D419D08A5F00E00158 /* AppDelegate.swift */; };
		F7DAD0D719D08A5F00E00158 /* ViewController.swift in Sources */ = {isa = PBXBuildFile; fileRef = F7DAD0D619D08A5F00E00158 /* ViewController.swift */; };
		F7DAD0DA19D08A5F00E00158 /* Main.storyboard in Resources */ = {isa = PBXBuildFile; fileRef = F7DAD0D819D08A5F00E00158 /* Main.storyboard */; };
		F7DAD0DC19D08A5F00E00158 /* Images.xcassets in Resources */ = {isa = PBXBuildFile; fileRef = F7DAD0DB19D08A5F00E00158 /* Images.xcassets */; };
		F7DAD0DF19D08A5F00E00158 /* LaunchScreen.xib in Resources */ = {isa = PBXBuildFile; fileRef = F7DAD0DD19D08A5F00E00158 /* LaunchScreen.xib */; };
		F7DAD0EB19D08A5F00E00158 /* PostCardTests.swift in Sources */ = {isa = PBXBuildFile; fileRef = F7DAD0EA19D08A5F00E00158 /* PostCardTests.swift */; };
/* End PBXBuildFile section */

/* Begin PBXContainerItemProxy section */
		F7DAD0E519D08A5F00E00158 /* PBXContainerItemProxy */ = {
			isa = PBXContainerItemProxy;
			containerPortal = F7DAD0C719D08A5F00E00158 /* Project object */;
			proxyType = 1;
			remoteGlobalIDString = F7DAD0CE19D08A5F00E00158;
			remoteInfo = PostCard;
		};
/* End PBXContainerItemProxy section */

/* Begin PBXFileReference section */
		F7446AAC19D0916F00A8ED2D /* RedLighthouse.jpg */ = {isa = PBXFileReference; lastKnownFileType = image.jpeg; path = RedLighthouse.jpg; sourceTree = "<group>"; };
		F7C0B0D419D1DAC5009A34C4 /* QuackyDuck.jpg */ = {isa = PBXFileReference; lastKnownFileType = image.jpeg; path = QuackyDuck.jpg; sourceTree = "<group>"; };
		F7DAD0CF19D08A5F00E00158 /* PostCard.app */ = {isa = PBXFileReference; explicitFileType = wrapper.application; includeInIndex = 0; path = PostCard.app; sourceTree = BUILT_PRODUCTS_DIR; };
		F7DAD0D319D08A5F00E00158 /* Info.plist */ = {isa = PBXFileReference; lastKnownFileType = text.plist.xml; path = Info.plist; sourceTree = "<group>"; };
		F7DAD0D419D08A5F00E00158 /* AppDelegate.swift */ = {isa = PBXFileReference; lastKnownFileType = sourcecode.swift; path = AppDelegate.swift; sourceTree = "<group>"; };
		F7DAD0D619D08A5F00E00158 /* ViewController.swift */ = {isa = PBXFileReference; lastKnownFileType = sourcecode.swift; path = ViewController.swift; sourceTree = "<group>"; };
		F7DAD0D919D08A5F00E00158 /* Base */ = {isa = PBXFileReference; lastKnownFileType = file.storyboard; name = Base; path = Base.lproj/Main.storyboard; sourceTree = "<group>"; };
		F7DAD0DB19D08A5F00E00158 /* Images.xcassets */ = {isa = PBXFileReference; lastKnownFileType = folder.assetcatalog; path = Images.xcassets; sourceTree = "<group>"; };
		F7DAD0DE19D08A5F00E00158 /* Base */ = {isa = PBXFileReference; lastKnownFileType = file.xib; name = Base; path = Base.lproj/LaunchScreen.xib; sourceTree = "<group>"; };
		F7DAD0E419D08A5F00E00158 /* PostCardTests.xctest */ = {isa = PBXFileReference; explicitFileType = wrapper.cfbundle; includeInIndex = 0; path = PostCardTests.xctest; sourceTree = BUILT_PRODUCTS_DIR; };
		F7DAD0E919D08A5F00E00158 /* Info.plist */ = {isa = PBXFileReference; lastKnownFileType = text.plist.xml; path = Info.plist; sourceTree = "<group>"; };
		F7DAD0EA19D08A5F00E00158 /* PostCardTests.swift */ = {isa = PBXFileReference; lastKnownFileType = sourcecode.swift; path = PostCardTests.swift; sourceTree = "<group>"; };
/* End PBXFileReference section */

/* Begin PBXFrameworksBuildPhase section */
		F7DAD0CC19D08A5F00E00158 /* Frameworks */ = {
			isa = PBXFrameworksBuildPhase;
			buildActionMask = 2147483647;
			files = (
			);
			runOnlyForDeploymentPostprocessing = 0;
		};
		F7DAD0E119D08A5F00E00158 /* Frameworks */ = {
			isa = PBXFrameworksBuildPhase;
			buildActionMask = 2147483647;
			files = (
			);
			runOnlyForDeploymentPostprocessing = 0;
		};
/* End PBXFrameworksBuildPhase section */

/* Begin PBXGroup section */
		F7DAD0C619D08A5F00E00158 = {
			isa = PBXGroup;
			children = (
				F7DAD0D119D08A5F00E00158 /* PostCard */,
				F7DAD0E719D08A5F00E00158 /* PostCardTests */,
				F7DAD0D019D08A5F00E00158 /* Products */,
			);
			sourceTree = "<group>";
		};
		F7DAD0D019D08A5F00E00158 /* Products */ = {
			isa = PBXGroup;
			children = (
				F7DAD0CF19D08A5F00E00158 /* PostCard.app */,
				F7DAD0E419D08A5F00E00158 /* PostCardTests.xctest */,
			);
			name = Products;
			sourceTree = "<group>";
		};
		F7DAD0D119D08A5F00E00158 /* PostCard */ = {
			isa = PBXGroup;
			children = (
				F7DAD0D419D08A5F00E00158 /* AppDelegate.swift */,
				F7DAD0D619D08A5F00E00158 /* ViewController.swift */,
				F7DAD0D819D08A5F00E00158 /* Main.storyboard */,
				F7DAD0DB19D08A5F00E00158 /* Images.xcassets */,
				F7DAD0DD19D08A5F00E00158 /* LaunchScreen.xib */,
				F7DAD0D219D08A5F00E00158 /* Supporting Files */,
			);
			path = PostCard;
			sourceTree = "<group>";
		};
		F7DAD0D219D08A5F00E00158 /* Supporting Files */ = {
			isa = PBXGroup;
			children = (
				F7446AAC19D0916F00A8ED2D /* RedLighthouse.jpg */,
				F7C0B0D419D1DAC5009A34C4 /* QuackyDuck.jpg */,
				F7DAD0D319D08A5F00E00158 /* Info.plist */,
			);
			name = "Supporting Files";
			sourceTree = "<group>";
		};
		F7DAD0E719D08A5F00E00158 /* PostCardTests */ = {
			isa = PBXGroup;
			children = (
				F7DAD0EA19D08A5F00E00158 /* PostCardTests.swift */,
				F7DAD0E819D08A5F00E00158 /* Supporting Files */,
			);
			path = PostCardTests;
			sourceTree = "<group>";
		};
		F7DAD0E819D08A5F00E00158 /* Supporting Files */ = {
			isa = PBXGroup;
			children = (
				F7DAD0E919D08A5F00E00158 /* Info.plist */,
			);
			name = "Supporting Files";
			sourceTree = "<group>";
		};
/* End PBXGroup section */

/* Begin PBXNativeTarget section */
		F7DAD0CE19D08A5F00E00158 /* PostCard */ = {
			isa = PBXNativeTarget;
			buildConfigurationList = F7DAD0EE19D08A5F00E00158 /* Build configuration list for PBXNativeTarget "PostCard" */;
			buildPhases = (
				F7DAD0CB19D08A5F00E00158 /* Sources */,
				F7DAD0CC19D08A5F00E00158 /* Frameworks */,
				F7DAD0CD19D08A5F00E00158 /* Resources */,
			);
			buildRules = (
			);
			dependencies = (
			);
			name = PostCard;
			productName = PostCard;
			productReference = F7DAD0CF19D08A5F00E00158 /* PostCard.app */;
			productType = "com.apple.product-type.application";
		};
		F7DAD0E319D08A5F00E00158 /* PostCardTests */ = {
			isa = PBXNativeTarget;
			buildConfigurationList = F7DAD0F119D08A5F00E00158 /* Build configuration list for PBXNativeTarget "PostCardTests" */;
			buildPhases = (
				F7DAD0E019D08A5F00E00158 /* Sources */,
				F7DAD0E119D08A5F00E00158 /* Frameworks */,
				F7DAD0E219D08A5F00E00158 /* Resources */,
			);
			buildRules = (
			);
			dependencies = (
				F7DAD0E619D08A5F00E00158 /* PBXTargetDependency */,
			);
			name = PostCardTests;
			productName = PostCardTests;
			productReference = F7DAD0E419D08A5F00E00158 /* PostCardTests.xctest */;
			productType = "com.apple.product-type.bundle.unit-test";
		};
/* End PBXNativeTarget section */

/* Begin PBXProject section */
		F7DAD0C719D08A5F00E00158 /* Project object */ = {
			isa = PBXProject;
			attributes = {
				LastUpgradeCheck = 0600;
				ORGANIZATIONNAME = "DS Digital Media, LLC";
				TargetAttributes = {
					F7DAD0CE19D08A5F00E00158 = {
						CreatedOnToolsVersion = 6.0;
					};
					F7DAD0E319D08A5F00E00158 = {
						CreatedOnToolsVersion = 6.0;
						TestTargetID = F7DAD0CE19D08A5F00E00158;
					};
				};
			};
			buildConfigurationList = F7DAD0CA19D08A5F00E00158 /* Build configuration list for PBXProject "PostCard" */;
			compatibilityVersion = "Xcode 3.2";
			developmentRegion = English;
			hasScannedForEncodings = 0;
			knownRegions = (
				en,
				Base,
			);
			mainGroup = F7DAD0C619D08A5F00E00158;
			productRefGroup = F7DAD0D019D08A5F00E00158 /* Products */;
			projectDirPath = "";
			projectRoot = "";
			targets = (
				F7DAD0CE19D08A5F00E00158 /* PostCard */,
				F7DAD0E319D08A5F00E00158 /* PostCardTests */,
			);
		};
/* End PBXProject section */

/* Begin PBXResourcesBuildPhase section */
		F7DAD0CD19D08A5F00E00158 /* Resources */ = {
			isa = PBXResourcesBuildPhase;
			buildActionMask = 2147483647;
			files = (
				F7DAD0DA19D08A5F00E00158 /* Main.storyboard in Resources */,
				F7DAD0DF19D08A5F00E00158 /* LaunchScreen.xib in Resources */,
				F7C0B0D519D1DAC5009A34C4 /* QuackyDuck.jpg in Resources */,
				F7DAD0DC19D08A5F00E00158 /* Images.xcassets in Resources */,
				F7446AAD19D0916F00A8ED2D /* RedLighthouse.jpg in Resources */,
			);
			runOnlyForDeploymentPostprocessing = 0;
		};
		F7DAD0E219D08A5F00E00158 /* Resources */ = {
			isa = PBXResourcesBuildPhase;
			buildActionMask = 2147483647;
			files = (
			);
			runOnlyForDeploymentPostprocessing = 0;
		};
/* End PBXResourcesBuildPhase section */

/* Begin PBXSourcesBuildPhase section */
		F7DAD0CB19D08A5F00E00158 /* Sources */ = {
			isa = PBXSourcesBuildPhase;
			buildActionMask = 2147483647;
			files = (
				F7DAD0D719D08A5F00E00158 /* ViewController.swift in Sources */,
				F7DAD0D519D08A5F00E00158 /* AppDelegate.swift in Sources */,
			);
			runOnlyForDeploymentPostprocessing = 0;
		};
		F7DAD0E019D08A5F00E00158 /* Sources */ = {
			isa = PBXSourcesBuildPhase;
			buildActionMask = 2147483647;
			files = (
				F7DAD0EB19D08A5F00E00158 /* PostCardTests.swift in Sources */,
			);
			runOnlyForDeploymentPostprocessing = 0;
		};
/* End PBXSourcesBuildPhase section */

/* Begin PBXTargetDependency section */
		F7DAD0E619D08A5F00E00158 /* PBXTargetDependency */ = {
			isa = PBXTargetDependency;
			target = F7DAD0CE19D08A5F00E00158 /* PostCard */;
			targetProxy = F7DAD0E519D08A5F00E00158 /* PBXContainerItemProxy */;
		};
/* End PBXTargetDependency section */

/* Begin PBXVariantGroup section */
		F7DAD0D819D08A5F00E00158 /* Main.storyboard */ = {
			isa = PBXVariantGroup;
			children = (
				F7DAD0D919D08A5F00E00158 /* Base */,
			);
			name = Main.storyboard;
			sourceTree = "<group>";
		};
		F7DAD0DD19D08A5F00E00158 /* LaunchScreen.xib */ = {
			isa = PBXVariantGroup;
			children = (
				F7DAD0DE19D08A5F00E00158 /* Base */,
			);
			name = LaunchScreen.xib;
			sourceTree = "<group>";
		};
/* End PBXVariantGroup section */

/* Begin XCBuildConfiguration section */
		F7DAD0EC19D08A5F00E00158 /* Debug */ = {
			isa = XCBuildConfiguration;
			buildSettings = {
				ALWAYS_SEARCH_USER_PATHS = NO;
				CLANG_CXX_LANGUAGE_STANDARD = "gnu++0x";
				CLANG_CXX_LIBRARY = "libc++";
				CLANG_ENABLE_MODULES = YES;
				CLANG_ENABLE_OBJC_ARC = YES;
				CLANG_WARN_BOOL_CONVERSION = YES;
				CLANG_WARN_CONSTANT_CONVERSION = YES;
				CLANG_WARN_DIRECT_OBJC_ISA_USAGE = YES_ERROR;
				CLANG_WARN_EMPTY_BODY = YES;
				CLANG_WARN_ENUM_CONVERSION = YES;
				CLANG_WARN_INT_CONVERSION = YES;
				CLANG_WARN_OBJC_ROOT_CLASS = YES_ERROR;
				CLANG_WARN_UNREACHABLE_CODE = YES;
				CLANG_WARN__DUPLICATE_METHOD_MATCH = YES;
				"CODE_SIGN_IDENTITY[sdk=iphoneos*]" = "iPhone Developer";
				COPY_PHASE_STRIP = NO;
				ENABLE_STRICT_OBJC_MSGSEND = YES;
				GCC_C_LANGUAGE_STANDARD = gnu99;
				GCC_DYNAMIC_NO_PIC = NO;
				GCC_OPTIMIZATION_LEVEL = 0;
				GCC_PREPROCESSOR_DEFINITIONS = (
					"DEBUG=1",
					"$(inherited)",
				);
				GCC_SYMBOLS_PRIVATE_EXTERN = NO;
				GCC_WARN_64_TO_32_BIT_CONVERSION = YES;
				GCC_WARN_ABOUT_RETURN_TYPE = YES_ERROR;
				GCC_WARN_UNDECLARED_SELECTOR = YES;
				GCC_WARN_UNINITIALIZED_AUTOS = YES_AGGRESSIVE;
				GCC_WARN_UNUSED_FUNCTION = YES;
				GCC_WARN_UNUSED_VARIABLE = YES;
				IPHONEOS_DEPLOYMENT_TARGET = 8.0;
				MTL_ENABLE_DEBUG_INFO = YES;
				ONLY_ACTIVE_ARCH = YES;
				SDKROOT = iphoneos;
				SWIFT_OPTIMIZATION_LEVEL = "-Onone";
			};
			name = Debug;
		};
		F7DAD0ED19D08A5F00E00158 /* Release */ = {
			isa = XCBuildConfiguration;
			buildSettings = {
				ALWAYS_SEARCH_USER_PATHS = NO;
				CLANG_CXX_LANGUAGE_STANDARD = "gnu++0x";
				CLANG_CXX_LIBRARY = "libc++";
				CLANG_ENABLE_MODULES = YES;
				CLANG_ENABLE_OBJC_ARC = YES;
				CLANG_WARN_BOOL_CONVERSION = YES;
				CLANG_WARN_CONSTANT_CONVERSION = YES;
				CLANG_WARN_DIRECT_OBJC_ISA_USAGE = YES_ERROR;
				CLANG_WARN_EMPTY_BODY = YES;
				CLANG_WARN_ENUM_CONVERSION = YES;
				CLANG_WARN_INT_CONVERSION = YES;
				CLANG_WARN_OBJC_ROOT_CLASS = YES_ERROR;
				CLANG_WARN_UNREACHABLE_CODE = YES;
				CLANG_WARN__DUPLICATE_METHOD_MATCH = YES;
				"CODE_SIGN_IDENTITY[sdk=iphoneos*]" = "iPhone Developer";
				COPY_PHASE_STRIP = YES;
				ENABLE_NS_ASSERTIONS = NO;
				ENABLE_STRICT_OBJC_MSGSEND = YES;
				GCC_C_LANGUAGE_STANDARD = gnu99;
				GCC_WARN_64_TO_32_BIT_CONVERSION = YES;
				GCC_WARN_ABOUT_RETURN_TYPE = YES_ERROR;
				GCC_WARN_UNDECLARED_SELECTOR = YES;
				GCC_WARN_UNINITIALIZED_AUTOS = YES_AGGRESSIVE;
				GCC_WARN_UNUSED_FUNCTION = YES;
				GCC_WARN_UNUSED_VARIABLE = YES;
				IPHONEOS_DEPLOYMENT_TARGET = 8.0;
				MTL_ENABLE_DEBUG_INFO = NO;
				SDKROOT = iphoneos;
				VALIDATE_PRODUCT = YES;
			};
			name = Release;
		};
		F7DAD0EF19D08A5F00E00158 /* Debug */ = {
			isa = XCBuildConfiguration;
			buildSettings = {
				ASSETCATALOG_COMPILER_APPICON_NAME = AppIcon;
				INFOPLIST_FILE = PostCard/Info.plist;
				LD_RUNPATH_SEARCH_PATHS = "$(inherited) @executable_path/Frameworks";
				PRODUCT_NAME = "$(TARGET_NAME)";
			};
			name = Debug;
		};
		F7DAD0F019D08A5F00E00158 /* Release */ = {
			isa = XCBuildConfiguration;
			buildSettings = {
				ASSETCATALOG_COMPILER_APPICON_NAME = AppIcon;
				INFOPLIST_FILE = PostCard/Info.plist;
				LD_RUNPATH_SEARCH_PATHS = "$(inherited) @executable_path/Frameworks";
				PRODUCT_NAME = "$(TARGET_NAME)";
			};
			name = Release;
		};
		F7DAD0F219D08A5F00E00158 /* Debug */ = {
			isa = XCBuildConfiguration;
			buildSettings = {
				BUNDLE_LOADER = "$(TEST_HOST)";
				FRAMEWORK_SEARCH_PATHS = (
					"$(SDKROOT)/Developer/Library/Frameworks",
					"$(inherited)",
				);
				GCC_PREPROCESSOR_DEFINITIONS = (
					"DEBUG=1",
					"$(inherited)",
				);
				INFOPLIST_FILE = PostCardTests/Info.plist;
				LD_RUNPATH_SEARCH_PATHS = "$(inherited) @executable_path/Frameworks @loader_path/Frameworks";
				PRODUCT_NAME = "$(TARGET_NAME)";
				TEST_HOST = "$(BUILT_PRODUCTS_DIR)/PostCard.app/PostCard";
			};
			name = Debug;
		};
		F7DAD0F319D08A5F00E00158 /* Release */ = {
			isa = XCBuildConfiguration;
			buildSettings = {
				BUNDLE_LOADER = "$(TEST_HOST)";
				FRAMEWORK_SEARCH_PATHS = (
					"$(SDKROOT)/Developer/Library/Frameworks",
					"$(inherited)",
				);
				INFOPLIST_FILE = PostCardTests/Info.plist;
				LD_RUNPATH_SEARCH_PATHS = "$(inherited) @executable_path/Frameworks @loader_path/Frameworks";
				PRODUCT_NAME = "$(TARGET_NAME)";
				TEST_HOST = "$(BUILT_PRODUCTS_DIR)/PostCard.app/PostCard";
			};
			name = Release;
		};
/* End XCBuildConfiguration section */

/* Begin XCConfigurationList section */
		F7DAD0CA19D08A5F00E00158 /* Build configuration list for PBXProject "PostCard" */ = {
			isa = XCConfigurationList;
			buildConfigurations = (
				F7DAD0EC19D08A5F00E00158 /* Debug */,
				F7DAD0ED19D08A5F00E00158 /* Release */,
			);
			defaultConfigurationIsVisible = 0;
			defaultConfigurationName = Release;
		};
		F7DAD0EE19D08A5F00E00158 /* Build configuration list for PBXNativeTarget "PostCard" */ = {
			isa = XCConfigurationList;
			buildConfigurations = (
				F7DAD0EF19D08A5F00E00158 /* Debug */,
				F7DAD0F019D08A5F00E00158 /* Release */,
			);
			defaultConfigurationIsVisible = 0;
			defaultConfigurationName = Release;
		};
		F7DAD0F119D08A5F00E00158 /* Build configuration list for PBXNativeTarget "PostCardTests" */ = {
			isa = XCConfigurationList;
			buildConfigurations = (
				F7DAD0F219D08A5F00E00158 /* Debug */,
				F7DAD0F319D08A5F00E00158 /* Release */,
			);
			defaultConfigurationIsVisible = 0;
			defaultConfigurationName = Release;
		};
/* End XCConfigurationList section */
	};
	rootObject = F7DAD0C719D08A5F00E00158 /* Project object */;
}
